
Microsoft Visual Studio Solution File, Format Version 12.00
# Visual Studio Version 16
VisualStudioVersion = 16.0.31702.278
MinimumVisualStudioVersion = 10.0.40219.1
Project("{FAE04EC0-301F-11D3-BF4B-00C04F79EFBC}") = "RaidSheetUpdater", "RaidSheetUpdater\RaidSheetUpdater.csproj", "{A6A14E64-A34C-48AE-8C38-63B684E3AB94}"
EndProject
Global
	GlobalSection(SolutionConfigurationPlatforms) = preSolution
		Debug|Any CPU = Debug|Any CPU
		Release|Any CPU = Release|Any CPU
	EndGlobalSection
	GlobalSection(ProjectConfigurationPlatforms) = postSolution
		{A6A14E64-A34C-48AE-8C38-63B684E3AB94}.Debug|Any CPU.ActiveCfg = Debug|Any CPU
		{A6A14E64-A34C-48AE-8C38-63B684E3AB94}.Debug|Any CPU.Build.0 = Debug|Any CPU
		{A6A14E64-A34C-48AE-8C38-63B684E3AB94}.Release|Any CPU.ActiveCfg = Release|Any CPU
		{A6A14E64-A34C-48AE-8C38-63B684E3AB94}.Release|Any CPU.Build.0 = Release|Any CPU
	EndGlobalSection
	GlobalSection(SolutionProperties) = preSolution
		HideSolutionNode = FALSE
	EndGlobalSection
	GlobalSection(ExtensibilityGlobals) = postSolution
		SolutionGuid = {491394A4-1A20-4F3B-BA6C-B0C8BEE7FEF1}
	EndGlobalSection
EndGlobal
